# This file is autogenerated, do not edit; changes may be undone by the next 'dep ensure'.


[[projects]]
  digest = "1:e9846ece10d1701db72a5add936bb9edc81353cdccb19be27078ca32f6c3f5d8"
  name = "github.com/DataDog/datadog-go"
  packages = ["statsd"]
  pruneopts = ""
  revision = "8a13fa761f51039f900738876f2837198fba804f"
  version = "v2.2.0"

[[projects]]
  digest = "1:439bfb51db599cd80766736b93b3d10e9314361197ada0b1209a51627a00ccd5"
  name = "github.com/PuerkitoBio/goquery"
  packages = ["."]
  pruneopts = ""
  revision = "2d2796f41742ece03e8086188fa4db16a3a0b458"
  version = "v1.5.0"

[[projects]]
  branch = "master"
  digest = "1:0ef07197f29c21ea0d5e3d0f686b5c7bed2e2c69cb8b4be6228d83ee9e4ed5ae"
  name = "github.com/afex/hystrix-go"
  packages = [
    "hystrix",
    "hystrix/metric_collector",
    "hystrix/rolling",
  ]
  pruneopts = ""
  revision = "fa1af6a1f4f56e0e50d427fe901cd604d8c6fb8a"

[[projects]]
  digest = "1:99bb098027ff0bffd40e1c95c7bf34726d1e422b4d5e421f14c5f96d28b9035b"
  name = "github.com/andybalholm/cascadia"
  packages = ["."]
  pruneopts = ""
  revision = "b69f6c92dfc187ebfe3914df716c2647a3af0ba0"
  version = "v1.1.0"

[[projects]]
  digest = "1:d78fa0e01d9a6f71a38b8cdf5184a6b3e69220938689a70e30542b912bf527b1"
  name = "github.com/antchfx/htmlquery"
  packages = ["."]
  pruneopts = ""
  revision = "b8d36292614567671decfe6f96c7b8c432d3249b"
  version = "v1.0.0"

[[projects]]
  digest = "1:7cea8ca358577b8c075b3284785a0d3f570f14356e016e6f053e9ed6527a7dcf"
  name = "github.com/antchfx/xmlquery"
  packages = ["."]
  pruneopts = ""
  revision = "8bd964f5eef5a1f086493b5941caae5d3daf76f1"
  version = "v1.0.0"

[[projects]]
  digest = "1:77691d6857ee0f52fb49266d04d01deecbe9b192ebeb4472f8be76b9bb80de86"
  name = "github.com/antchfx/xpath"
  packages = ["."]
  pruneopts = ""
  revision = "668f6670d6ae1409249cc09be7907702e7f8152f"
  version = "1.1.0"

[[projects]]
  branch = "master"
  digest = "1:d6b876ce25f96e3a17e01ebab523965a4f8e49fee5641850b414ac1fd28e6569"
  name = "github.com/bearbin/go-age"
  packages = ["."]
  pruneopts = ""
  revision = "316d0c1e7cd1ecf68e4313ac739dc8a714f63934"

[[projects]]
  digest = "1:141635a36d65611d06a05ec1d17be950e386426b6540169fe7c9476df41f6493"
  name = "github.com/cpuguy83/go-md2man"
  packages = ["md2man"]
  pruneopts = ""
  revision = "7762f7e404f8416dfa1d9bb6a8c192aa9acb4d19"
  version = "v1.0.10"

[[projects]]
  digest = "1:aaeffbff5bd24654cb4c190ed75d6c7b57b4f5d6741914c1a7a6bb7447e756c5"
  name = "github.com/deckarep/golang-set"
  packages = ["."]
  pruneopts = ""
  revision = "cbaa98ba5575e67703b32b4b19f73c91f3c4159e"
  version = "v1.7.1"

[[projects]]
  digest = "1:e35353e6b5c1a1350832f2f5ea87f1d42d491ce519bc6e2c65d5dd6d020e2a01"
  name = "github.com/gin-contrib/sse"
  packages = ["."]
  pruneopts = ""
  revision = "54d8467d122d380a14768b6b4e5cd7ca4755938f"
  version = "v0.1.0"

[[projects]]
  digest = "1:e11e53fe8a044e4a1e4f4dbec534f00e19d0132535c7fb2e94c7b98ab4c65af8"
  name = "github.com/gin-gonic/gin"
  packages = [
    ".",
    "binding",
    "internal/json",
    "render",
  ]
  pruneopts = ""
  revision = "b75d67cd51eb53c3c3a2fc406524c940021ffbda"
  version = "v1.4.0"

[[projects]]
  digest = "1:8c7410dae63c74bd92db09bf33af7e0698b635ab6a397fd8e9e10dfcce3138ac"
  name = "github.com/go-redis/redis"
  packages = [
    ".",
    "internal",
    "internal/consistenthash",
    "internal/hashtag",
    "internal/pool",
    "internal/proto",
    "internal/util",
  ]
  pruneopts = ""
  revision = "d22fde8721cc915a55aeb6b00944a76a92bfeb6e"
  version = "v6.15.2"

[[projects]]
  digest = "1:e692d16fdfbddb94e9e4886aaf6c08bdbae5cb4ac80651445de9181b371c6e46"
  name = "github.com/go-sql-driver/mysql"
  packages = ["."]
  pruneopts = ""
  revision = "72cd26f257d44c1114970e19afddcd812016007e"
  version = "v1.4.1"

[[projects]]
  digest = "1:9ab1b1c637d7c8f49e39d8538a650d7eb2137b076790cff69d160823b505964c"
  name = "github.com/gobwas/glob"
  packages = [
    ".",
    "compiler",
    "match",
    "syntax",
    "syntax/ast",
    "syntax/lexer",
    "util/runes",
    "util/strings",
  ]
  pruneopts = ""
  revision = "5ccd90ef52e1e632236f7326478d4faa74f99438"
  version = "v0.2.3"

[[projects]]
  digest = "1:a3fa9b2e4999433a3a4a434b30df857767b051e642ece5db0d9c6d41f6fab41f"
  name = "github.com/gocolly/colly"
  packages = [
    ".",
    "debug",
    "storage",
  ]
  pruneopts = ""
  revision = "ca2f07cb3c921eec1b4993f4ff6f00f593dc3af0"
  version = "v1.2.0"

[[projects]]
  digest = "1:b852d2b62be24e445fcdbad9ce3015b44c207815d631230dfce3f14e7803f5bf"
  name = "github.com/golang/protobuf"
  packages = ["proto"]
  pruneopts = ""
  revision = "6c65a5562fc06764971b7c5d05c76c75e84bdbf7"
  version = "v1.3.2"

[[projects]]
  digest = "1:ad92aa49f34cbc3546063c7eb2cabb55ee2278b72842eda80e2a20a8a06a8d73"
  name = "github.com/google/uuid"
  packages = ["."]
  pruneopts = ""
  revision = "0cd6bf5da1e1c83f8b45653022c74f71af0538a4"
  version = "v1.1.1"

[[projects]]
  digest = "1:874935c2f9383bfa367276cee4276c516e8775a4e177bbc7621ff26126b22984"
  name = "github.com/huandu/go-sqlbuilder"
  packages = ["."]
  pruneopts = ""
  revision = "a4f634eb604fd667576c805d1320028c9ec9eb5c"
  version = "v1.7.0"

[[projects]]
  branch = "master"
  digest = "1:b2ce96ee6acd5cab63cabb39f4426ed885cbb6a80ac8ec06935dff46757b146c"
  name = "github.com/influxdata/tdigest"
  packages = ["."]
  pruneopts = ""
  revision = "bf2b5ad3c0a925c44a0d2842c5d8182113cd248e"

[[projects]]
  digest = "1:e716a02584d94519e2ccf7ac461c4028da736d41a58c1ed95e641c1603bdb056"
  name = "github.com/json-iterator/go"
  packages = ["."]
  pruneopts = ""
  revision = "27518f6661eba504be5a7a9a9f6d9460d892ade3"
  version = "v1.1.7"

[[projects]]
  digest = "1:717859f53ed0a55fab7284704ecaac4b0d292f4caca5ceaa2afd512be49189ea"
  name = "github.com/kennygrant/sanitize"
  packages = ["."]
  pruneopts = ""
  revision = "06ec0d0dbcd497d01e5189b16f5263f712e61a8e"
  version = "v1.2.4"

[[projects]]
  digest = "1:0f51cee70b0d254dbc93c22666ea2abf211af81c1701a96d04e2284b408621db"
  name = "github.com/konsorten/go-windows-terminal-sequences"
  packages = ["."]
  pruneopts = ""
  revision = "f55edac94c9bbba5d6182a4be46d86a2c9b5b50e"
  version = "v1.0.2"

[[projects]]
  branch = "master"
  digest = "1:43b615314b755144e00ef92bcdc867c22d0128eddfa46ee415c0f382ad6a4650"
  name = "github.com/lestrrat/go-file-rotatelogs"
  packages = ["."]
  pruneopts = ""
  revision = "d3151e2a480fdcd05fb97102f5310a47d96274c4"

[[projects]]
  branch = "master"
  digest = "1:0e2266d8d5d8ec8b77b23a98ad6dadf990db1a877b36483b13f6e7b06f0982a5"
  name = "github.com/lestrrat/go-strftime"
  packages = ["."]
  pruneopts = ""
  revision = "ba3bf9c1d0421aa146564a632931730344f1f9f1"

[[projects]]
  branch = "master"
  digest = "1:101e8200d89dcff2cec2522e427298045bea6d81ef71f8fe10810faeae741efc"
  name = "github.com/mailru/easyjson"
  packages = [
    "buffer",
    "jlexer",
    "jwriter",
  ]
  pruneopts = ""
  revision = "b2ccc519800e761ac8000b95e5d57c80a897ff9e"

[[projects]]
  digest = "1:dbfae9da5a674236b914e486086671145b37b5e3880a38da906665aede3c9eab"
  name = "github.com/mattn/go-isatty"
  packages = ["."]
  pruneopts = ""
  revision = "1311e847b0cb909da63b5fecfb5370aa66236465"
  version = "v0.0.8"

[[projects]]
  digest = "1:0c0ff2a89c1bb0d01887e1dac043ad7efbf3ec77482ef058ac423d13497e16fd"
  name = "github.com/modern-go/concurrent"
  packages = ["."]
  pruneopts = ""
  revision = "bacd9c7ef1dd9b15be4a9909b8ac7a4e313eec94"
  version = "1.0.3"

[[projects]]
  digest = "1:e32bdbdb7c377a07a9a46378290059822efdce5c8d96fe71940d87cb4f918855"
  name = "github.com/modern-go/reflect2"
  packages = ["."]
  pruneopts = ""
  revision = "4b7aa43c6742a2c18fdef89dd197aaae7dac7ccd"
  version = "1.0.1"

[[projects]]
  digest = "1:3c1f92919b4c315b8f765535d90ad2c55946eb87034a61db2bc751741a58d65b"
  name = "github.com/newrelic/go-agent"
  packages = [
    ".",
    "_integrations/nrgin/v1",
    "internal",
    "internal/cat",
    "internal/jsonx",
    "internal/logger",
    "internal/sysinfo",
    "internal/utilization",
  ]
  pruneopts = ""
  revision = "a5896473d0ec1fa36c8cae2ec1140428f212d8af"
  version = "v2.10.0"

[[projects]]
  digest = "1:1d7e1867c49a6dd9856598ef7c3123604ea3daabf5b83f303ff457bcbc410b1d"
  name = "github.com/pkg/errors"
  packages = ["."]
  pruneopts = ""
  revision = "ba968bfe8b2f7e042a574c888954fccecfa385b4"
  version = "v0.8.1"

[[projects]]
  digest = "1:463cf5034cda51cdb4ce56d317c1c1343be898c2bb5e576666394d53f4ba28cd"
  name = "github.com/rifflock/lfshook"
  packages = ["."]
  pruneopts = ""
  revision = "b9218ef580f59a2e72dad1aa33d660150445d05a"
  version = "v2.4"

[[projects]]
  digest = "1:87dffed114a34c714199c74e15c04ecb1c332c669f63f722220a5e4e6eb2ef52"
  name = "github.com/russross/blackfriday"
  packages = ["."]
  pruneopts = ""
  revision = "d3b5b032dc8e8927d31a5071b56e14c89f045135"
  version = "v2.0.1"

[[projects]]
  branch = "master"
  digest = "1:d1d064197983378d52b9cb2329f58b050ead44fc541aed670587e0131033f9da"
  name = "github.com/saintfish/chardet"
  packages = ["."]
  pruneopts = ""
  revision = "3af4cd4741ca4f3eb0c407c034571a6fb0ea529c"

[[projects]]
  digest = "1:42a59e0ee70c485f96de4a30f86f88266d50b50f918053dec798f0cb2b4b7a88"
  name = "github.com/shurcooL/sanitized_anchor_name"
  packages = ["."]
  pruneopts = ""
  revision = "7bfe4c7ecddb3666a94b053b422cdd8f5aaa3615"
  version = "v1.0.0"

[[projects]]
  digest = "1:1a405cddcf3368445051fb70ab465ae99da56ad7be8d8ca7fc52159d1c2d873c"
  name = "github.com/sirupsen/logrus"
  packages = ["."]
  pruneopts = ""
  revision = "839c75faf7f98a33d445d181f3018b5c3409a45e"
  version = "v1.4.2"

[[projects]]
  digest = "1:ad4550aa21146baad6f8a8303657e73c83d6c306e1ea39f121ce2dcf7f4549a2"
  name = "github.com/temoto/robotstxt"
  packages = ["."]
  pruneopts = ""
  revision = "3f668f68d41cf91350a4148f4fcb6720f1472428"
  version = "v1.1.1"

[[projects]]
  digest = "1:9faa19c3f647e607200889453948c28953499aae75f6c7cacf293a5e2187e54a"
  name = "github.com/tsenart/vegeta"
  packages = ["lib"]
  pruneopts = ""
  revision = "9c95632b3e8562be6df690c639a3f5a6f40d3004"
  version = "v12.7.0"

[[projects]]
  digest = "1:152bb9c7b128f6d8204e1676bb1a79cdaac9b3d40e495048282823ff6f5fb3d4"
  name = "github.com/ugorji/go"
  packages = ["codec"]
  pruneopts = ""
  revision = "23ab95ef5dc3b70286760af84ce2327a2b64ed62"
  version = "v1.1.7"

[[projects]]
  digest = "1:c6b7dd6b1f602f71a9522d03a65150ace6550839b71c543efa5686d56686c913"
  name = "github.com/urfave/cli"
  packages = ["."]
  pruneopts = ""
  revision = "bfe2e925cfb6d44b40ad3a779165ea7e8aff9212"
  version = "v1.22.0"

[[projects]]
  branch = "master"
  digest = "1:955694a7c42527d7fb188505a22f10b3e158c6c2cf31fe64b1e62c9ab7b18401"
  name = "golang.org/x/net"
  packages = [
    "context",
    "html",
    "html/atom",
    "html/charset",
    "http/httpguts",
    "http2",
    "http2/hpack",
    "idna",
  ]
  pruneopts = ""
  revision = "ca1201d0de80cfde86cb01aea620983605dfe99b"

[[projects]]
  branch = "master"
  digest = "1:0b5c2207c72f2d13995040f176feb6e3f453d6b01af2b9d57df76b05ded2e926"
  name = "golang.org/x/sys"
  packages = ["unix"]
  pruneopts = ""
  revision = "51ab0e2deafac1f46c46ad59cf0921be2f180c3d"

[[projects]]
  digest = "1:740b51a55815493a8d0f2b1e0d0ae48fe48953bf7eaf3fcc4198823bf67768c0"
  name = "golang.org/x/text"
  packages = [
    "collate",
    "collate/build",
    "encoding",
    "encoding/charmap",
    "encoding/htmlindex",
    "encoding/internal",
    "encoding/internal/identifier",
    "encoding/japanese",
    "encoding/korean",
    "encoding/simplifiedchinese",
    "encoding/traditionalchinese",
    "encoding/unicode",
    "internal/colltab",
    "internal/gen",
    "internal/language",
    "internal/language/compact",
    "internal/tag",
    "internal/triegen",
    "internal/ucd",
    "internal/utf8internal",
    "language",
    "runes",
    "secure/bidirule",
    "transform",
    "unicode/bidi",
    "unicode/cldr",
    "unicode/norm",
    "unicode/rangetable",
  ]
  pruneopts = ""
  revision = "342b2e1fbaa52c93f31447ad2c6abc048c63e475"
  version = "v0.3.2"

[[projects]]
  digest = "1:702a3d272e930e37f4978392f69473eede3f5eea31a345c129085f899580c2cb"
  name = "google.golang.org/appengine"
  packages = [
    "cloudsql",
    "internal",
    "internal/base",
    "internal/datastore",
    "internal/log",
    "internal/remote_api",
    "internal/urlfetch",
    "urlfetch",
  ]
  pruneopts = ""
  revision = "bddb1f54ecfd64b1350fd2dd897fa11d426632bc"
  version = "v1.6.4"

[[projects]]
  digest = "1:dd549e360e5a8f982a28c2bcbe667307ceffe538ed9afc7c965524f1ac285b3f"
  name = "gopkg.in/go-playground/validator.v8"
  packages = ["."]
  pruneopts = ""
  revision = "5f1438d3fca68893a817e4a66806cea46a9e4ebf"
  version = "v8.18.2"

[[projects]]
  digest = "1:cedccf16b71e86db87a24f8d4c70b0a855872eb967cb906a66b95de56aefbd0d"
  name = "gopkg.in/yaml.v2"
  packages = ["."]
  pruneopts = ""
  revision = "51d6538a90f86fe93ac480b35f37b2be17fef232"
  version = "v2.2.2"

[solve-meta]
  analyzer-name = "dep"
  analyzer-version = 1
  input-imports = [
    "github.com/DataDog/datadog-go/statsd",
    "github.com/afex/hystrix-go/hystrix",
    "github.com/bearbin/go-age",
    "github.com/deckarep/golang-set",
    "github.com/gin-gonic/gin",
    "github.com/go-redis/redis",
    "github.com/go-sql-driver/mysql",
    "github.com/gocolly/colly",
    "github.com/golang/protobuf/proto",
    "github.com/google/uuid",
    "github.com/huandu/go-sqlbuilder",
    "github.com/lestrrat/go-file-rotatelogs",
    "github.com/newrelic/go-agent",
    "github.com/newrelic/go-agent/_integrations/nrgin/v1",
    "github.com/rifflock/lfshook",
    "github.com/sirupsen/logrus",
    "github.com/tsenart/vegeta/lib",
    "github.com/urfave/cli",
  ]
  solver-name = "gps-cdcl"
  solver-version = 1
